
Microsoft Visual Studio Solution File, Format Version 12.00
# Visual Studio 15
VisualStudioVersion = 15.0.28307.1231
MinimumVisualStudioVersion = 10.0.40219.1
Project("{FAE04EC0-301F-11D3-BF4B-00C04F79EFBC}") = "AgendaSimple", "AgendaSimple\AgendaSimple.csproj", "{2A5B5EBE-2B27-4EC5-A5BE-498241D68C75}"
EndProject
Project("{FAE04EC0-301F-11D3-BF4B-00C04F79EFBC}") = "BusinessLayer", "BusinessLayer\BusinessLayer.csproj", "{D120F09A-1736-45AA-B1EB-D477307956C3}"
EndProject
Project("{FAE04EC0-301F-11D3-BF4B-00C04F79EFBC}") = "Database", "Database\Database.csproj", "{F0C9A014-DB95-46CF-B5E7-8BEE17D041F1}"
EndProject
Global
	GlobalSection(SolutionConfigurationPlatforms) = preSolution
		Debug|Any CPU = Debug|Any CPU
		Release|Any CPU = Release|Any CPU
	EndGlobalSection
	GlobalSection(ProjectConfigurationPlatforms) = postSolution
		{2A5B5EBE-2B27-4EC5-A5BE-498241D68C75}.Debug|Any CPU.ActiveCfg = Debug|Any CPU
		{2A5B5EBE-2B27-4EC5-A5BE-498241D68C75}.Debug|Any CPU.Build.0 = Debug|Any CPU
		{2A5B5EBE-2B27-4EC5-A5BE-498241D68C75}.Release|Any CPU.ActiveCfg = Release|Any CPU
		{2A5B5EBE-2B27-4EC5-A5BE-498241D68C75}.Release|Any CPU.Build.0 = Release|Any CPU
		{D120F09A-1736-45AA-B1EB-D477307956C3}.Debug|Any CPU.ActiveCfg = Debug|Any CPU
		{D120F09A-1736-45AA-B1EB-D477307956C3}.Debug|Any CPU.Build.0 = Debug|Any CPU
		{D120F09A-1736-45AA-B1EB-D477307956C3}.Release|Any CPU.ActiveCfg = Release|Any CPU
		{D120F09A-1736-45AA-B1EB-D477307956C3}.Release|Any CPU.Build.0 = Release|Any CPU
		{F0C9A014-DB95-46CF-B5E7-8BEE17D041F1}.Debug|Any CPU.ActiveCfg = Debug|Any CPU
		{F0C9A014-DB95-46CF-B5E7-8BEE17D041F1}.Debug|Any CPU.Build.0 = Debug|Any CPU
		{F0C9A014-DB95-46CF-B5E7-8BEE17D041F1}.Release|Any CPU.ActiveCfg = Release|Any CPU
		{F0C9A014-DB95-46CF-B5E7-8BEE17D041F1}.Release|Any CPU.Build.0 = Release|Any CPU
	EndGlobalSection
	GlobalSection(SolutionProperties) = preSolution
		HideSolutionNode = FALSE
	EndGlobalSection
	GlobalSection(ExtensibilityGlobals) = postSolution
		SolutionGuid = {33391599-3A6D-4C7F-9305-133FCC1547D0}
	EndGlobalSection
EndGlobal
